
Microsoft Visual Studio Solution File, Format Version 12.00
# Visual Studio Version 16
VisualStudioVersion = 16.0.32228.343
MinimumVisualStudioVersion = 10.0.40219.1
Project("{FAE04EC0-301F-11D3-BF4B-00C04F79EFBC}") = "Lists", "Lists\Lists.csproj", "{9846B935-582B-46FC-A2C5-E7064BCCF66E}"
EndProject
Project("{FAE04EC0-301F-11D3-BF4B-00C04F79EFBC}") = "ListsAndFiles", "ListsAndFiles\ListsAndFiles.csproj", "{ABF17184-50D5-4968-80EF-2429761762F3}"
EndProject
Global
	GlobalSection(SolutionConfigurationPlatforms) = preSolution
		Debug|Any CPU = Debug|Any CPU
		Release|Any CPU = Release|Any CPU
	EndGlobalSection
	GlobalSection(ProjectConfigurationPlatforms) = postSolution
		{9846B935-582B-46FC-A2C5-E7064BCCF66E}.Debug|Any CPU.ActiveCfg = Debug|Any CPU
		{9846B935-582B-46FC-A2C5-E7064BCCF66E}.Debug|Any CPU.Build.0 = Debug|Any CPU
		{9846B935-582B-46FC-A2C5-E7064BCCF66E}.Release|Any CPU.ActiveCfg = Release|Any CPU
		{9846B935-582B-46FC-A2C5-E7064BCCF66E}.Release|Any CPU.Build.0 = Release|Any CPU
		{ABF17184-50D5-4968-80EF-2429761762F3}.Debug|Any CPU.ActiveCfg = Debug|Any CPU
		{ABF17184-50D5-4968-80EF-2429761762F3}.Debug|Any CPU.Build.0 = Debug|Any CPU
		{ABF17184-50D5-4968-80EF-2429761762F3}.Release|Any CPU.ActiveCfg = Release|Any CPU
		{ABF17184-50D5-4968-80EF-2429761762F3}.Release|Any CPU.Build.0 = Release|Any CPU
	EndGlobalSection
	GlobalSection(SolutionProperties) = preSolution
		HideSolutionNode = FALSE
	EndGlobalSection
	GlobalSection(ExtensibilityGlobals) = postSolution
		SolutionGuid = {22859D39-3B9A-461F-B83B-3B604D474B0C}
	EndGlobalSection
EndGlobal
